
Microsoft Visual Studio Solution File, Format Version 12.00
# Visual Studio Version 16
VisualStudioVersion = 25.0.1706.4
MinimumVisualStudioVersion = 10.0.40219.1
Project("{FAE04EC0-301F-11D3-BF4B-00C04F79EFBC}") = "Blog.API", "Blog.API\Blog.API.csproj", "{DD9EAA9B-AB1E-4C51-89F8-C984FA85EA45}"
EndProject
Project("{2150E333-8FDC-42A3-9474-1A3956D46DE8}") = "Solution Items", "Solution Items", "{7506A12A-96ED-454D-B41B-FE00D86BF608}"
	ProjectSection(SolutionItems) = preProject
		tips.txt = tips.txt
	EndProjectSection
EndProject
Project("{E53339B2-1760-4266-BCC7-CA923CBCF16C}") = "docker-compose", "docker-compose.dcproj", "{1C75EF62-2B2C-41CF-97E8-662D6CB5B751}"
EndProject
Global
	GlobalSection(SolutionConfigurationPlatforms) = preSolution
		Debug|Any CPU = Debug|Any CPU
		Release|Any CPU = Release|Any CPU
	EndGlobalSection
	GlobalSection(ProjectConfigurationPlatforms) = postSolution
		{DD9EAA9B-AB1E-4C51-89F8-C984FA85EA45}.Debug|Any CPU.ActiveCfg = Debug|Any CPU
		{DD9EAA9B-AB1E-4C51-89F8-C984FA85EA45}.Debug|Any CPU.Build.0 = Debug|Any CPU
		{DD9EAA9B-AB1E-4C51-89F8-C984FA85EA45}.Release|Any CPU.ActiveCfg = Release|Any CPU
		{DD9EAA9B-AB1E-4C51-89F8-C984FA85EA45}.Release|Any CPU.Build.0 = Release|Any CPU
		{1C75EF62-2B2C-41CF-97E8-662D6CB5B751}.Debug|Any CPU.ActiveCfg = Debug|Any CPU
		{1C75EF62-2B2C-41CF-97E8-662D6CB5B751}.Debug|Any CPU.Build.0 = Debug|Any CPU
		{1C75EF62-2B2C-41CF-97E8-662D6CB5B751}.Release|Any CPU.ActiveCfg = Release|Any CPU
		{1C75EF62-2B2C-41CF-97E8-662D6CB5B751}.Release|Any CPU.Build.0 = Release|Any CPU
	EndGlobalSection
	GlobalSection(SolutionProperties) = preSolution
		HideSolutionNode = FALSE
	EndGlobalSection
	GlobalSection(ExtensibilityGlobals) = postSolution
		SolutionGuid = {5C5D5E5F-F235-432E-8825-BDEF32797727}
	EndGlobalSection
EndGlobal
